
Microsoft Visual Studio Solution File, Format Version 12.00
# Visual Studio 15
VisualStudioVersion = 15.0.28010.0
MinimumVisualStudioVersion = 10.0.40219.1
Project("{FAE04EC0-301F-11D3-BF4B-00C04F79EFBC}") = "SistemaAcademico", "SistemaAcademico\SistemaAcademico.csproj", "{49CA6DD7-A36B-4C37-AC0E-70D4F31E2F1B}"
EndProject
Project("{FAE04EC0-301F-11D3-BF4B-00C04F79EFBC}") = "SistemaAcademico.DAL", "SistemaAcademico.DAL\SistemaAcademico.DAL.csproj", "{1A7FFD74-3279-4A9D-B453-C07E2E997408}"
	ProjectSection(ProjectDependencies) = postProject
		{51613D9E-3B3B-4596-8460-250CB591F898} = {51613D9E-3B3B-4596-8460-250CB591F898}
	EndProjectSection
EndProject
Project("{FAE04EC0-301F-11D3-BF4B-00C04F79EFBC}") = "SistemaAcademico.DTO", "SistemaAcademico.DTO\SistemaAcademico.DTO.csproj", "{51613D9E-3B3B-4596-8460-250CB591F898}"
EndProject
Global
	GlobalSection(SolutionConfigurationPlatforms) = preSolution
		Debug|Any CPU = Debug|Any CPU
		Release|Any CPU = Release|Any CPU
	EndGlobalSection
	GlobalSection(ProjectConfigurationPlatforms) = postSolution
		{49CA6DD7-A36B-4C37-AC0E-70D4F31E2F1B}.Debug|Any CPU.ActiveCfg = Debug|Any CPU
		{49CA6DD7-A36B-4C37-AC0E-70D4F31E2F1B}.Debug|Any CPU.Build.0 = Debug|Any CPU
		{49CA6DD7-A36B-4C37-AC0E-70D4F31E2F1B}.Release|Any CPU.ActiveCfg = Release|Any CPU
		{49CA6DD7-A36B-4C37-AC0E-70D4F31E2F1B}.Release|Any CPU.Build.0 = Release|Any CPU
		{1A7FFD74-3279-4A9D-B453-C07E2E997408}.Debug|Any CPU.ActiveCfg = Debug|Any CPU
		{1A7FFD74-3279-4A9D-B453-C07E2E997408}.Debug|Any CPU.Build.0 = Debug|Any CPU
		{1A7FFD74-3279-4A9D-B453-C07E2E997408}.Release|Any CPU.ActiveCfg = Release|Any CPU
		{1A7FFD74-3279-4A9D-B453-C07E2E997408}.Release|Any CPU.Build.0 = Release|Any CPU
		{51613D9E-3B3B-4596-8460-250CB591F898}.Debug|Any CPU.ActiveCfg = Debug|Any CPU
		{51613D9E-3B3B-4596-8460-250CB591F898}.Debug|Any CPU.Build.0 = Debug|Any CPU
		{51613D9E-3B3B-4596-8460-250CB591F898}.Release|Any CPU.ActiveCfg = Release|Any CPU
		{51613D9E-3B3B-4596-8460-250CB591F898}.Release|Any CPU.Build.0 = Release|Any CPU
	EndGlobalSection
	GlobalSection(SolutionProperties) = preSolution
		HideSolutionNode = FALSE
	EndGlobalSection
	GlobalSection(ExtensibilityGlobals) = postSolution
		SolutionGuid = {6737606D-EB32-4A4F-9BE2-5B20039C8854}
	EndGlobalSection
EndGlobal
